
Microsoft Visual Studio Solution File, Format Version 12.00
# Visual Studio Version 17
VisualStudioVersion = 17.6.33723.286
MinimumVisualStudioVersion = 10.0.40219.1
Project("{FAE04EC0-301F-11D3-BF4B-00C04F79EFBC}") = "Task_Management_App_v2", "Task_Management_App_v2\Task_Management_App_v2.csproj", "{EDF23D19-1739-435B-AA04-836FF519A931}"
EndProject
Global
	GlobalSection(SolutionConfigurationPlatforms) = preSolution
		Debug|Any CPU = Debug|Any CPU
		Release|Any CPU = Release|Any CPU
	EndGlobalSection
	GlobalSection(ProjectConfigurationPlatforms) = postSolution
		{EDF23D19-1739-435B-AA04-836FF519A931}.Debug|Any CPU.ActiveCfg = Debug|Any CPU
		{EDF23D19-1739-435B-AA04-836FF519A931}.Debug|Any CPU.Build.0 = Debug|Any CPU
		{EDF23D19-1739-435B-AA04-836FF519A931}.Release|Any CPU.ActiveCfg = Release|Any CPU
		{EDF23D19-1739-435B-AA04-836FF519A931}.Release|Any CPU.Build.0 = Release|Any CPU
	EndGlobalSection
	GlobalSection(SolutionProperties) = preSolution
		HideSolutionNode = FALSE
	EndGlobalSection
	GlobalSection(ExtensibilityGlobals) = postSolution
		SolutionGuid = {4712CA97-9806-4154-9780-E9958D2FBD6E}
	EndGlobalSection
EndGlobal
